// !$*UTF8*$!
{
	archiveVersion = 1;
	classes = {
	};
	objectVersion = 46;
	objects = {

/* Begin PBXBuildFile section */
		D17858A61F1495C8007F2DA7 /* AppDelegate.swift in Sources */ = {isa = PBXBuildFile; fileRef = D17858A51F1495C8007F2DA7 /* AppDelegate.swift */; };
		D17858A81F1495C8007F2DA7 /* AddNewCarVC.swift in Sources */ = {isa = PBXBuildFile; fileRef = D17858A71F1495C8007F2DA7 /* AddNewCarVC.swift */; };
		D17858AB1F1495C8007F2DA7 /* Main.storyboard in Resources */ = {isa = PBXBuildFile; fileRef = D17858A91F1495C8007F2DA7 /* Main.storyboard */; };
		D17858AD1F1495C8007F2DA7 /* Assets.xcassets in Resources */ = {isa = PBXBuildFile; fileRef = D17858AC1F1495C8007F2DA7 /* Assets.xcassets */; };
		D17858B01F1495C9007F2DA7 /* LaunchScreen.storyboard in Resources */ = {isa = PBXBuildFile; fileRef = D17858AE1F1495C9007F2DA7 /* LaunchScreen.storyboard */; };
		D17858BE1F14A374007F2DA7 /* CarListVC.swift in Sources */ = {isa = PBXBuildFile; fileRef = D17858BD1F14A374007F2DA7 /* CarListVC.swift */; };
		D17858C01F14A457007F2DA7 /* CarCell.swift in Sources */ = {isa = PBXBuildFile; fileRef = D17858BF1F14A457007F2DA7 /* CarCell.swift */; };
		D19D127C1F1B545700C05461 /* AddNewCarDelegate.swift in Sources */ = {isa = PBXBuildFile; fileRef = D17858BB1F14A19D007F2DA7 /* AddNewCarDelegate.swift */; };
		D19D127F1F1B581200C05461 /* Car.swift in Sources */ = {isa = PBXBuildFile; fileRef = D19D127E1F1B581200C05461 /* Car.swift */; };
/* End PBXBuildFile section */

/* Begin PBXFileReference section */
		D17858A21F1495C8007F2DA7 /* CarСatalog.app */ = {isa = PBXFileReference; explicitFileType = wrapper.application; includeInIndex = 0; path = "CarСatalog.app"; sourceTree = BUILT_PRODUCTS_DIR; };
		D17858A51F1495C8007F2DA7 /* AppDelegate.swift */ = {isa = PBXFileReference; lastKnownFileType = sourcecode.swift; path = AppDelegate.swift; sourceTree = "<group>"; };
		D17858A71F1495C8007F2DA7 /* AddNewCarVC.swift */ = {isa = PBXFileReference; lastKnownFileType = sourcecode.swift; path = AddNewCarVC.swift; sourceTree = "<group>"; };
		D17858AA1F1495C8007F2DA7 /* Base */ = {isa = PBXFileReference; lastKnownFileType = file.storyboard; name = Base; path = Base.lproj/Main.storyboard; sourceTree = "<group>"; };
		D17858AC1F1495C8007F2DA7 /* Assets.xcassets */ = {isa = PBXFileReference; lastKnownFileType = folder.assetcatalog; path = Assets.xcassets; sourceTree = "<group>"; };
		D17858AF1F1495C9007F2DA7 /* Base */ = {isa = PBXFileReference; lastKnownFileType = file.storyboard; name = Base; path = Base.lproj/LaunchScreen.storyboard; sourceTree = "<group>"; };
		D17858B11F1495C9007F2DA7 /* Info.plist */ = {isa = PBXFileReference; lastKnownFileType = text.plist.xml; name = Info.plist; path = ../Info.plist; sourceTree = "<group>"; };
		D17858BB1F14A19D007F2DA7 /* AddNewCarDelegate.swift */ = {isa = PBXFileReference; fileEncoding = 4; lastKnownFileType = sourcecode.swift; path = AddNewCarDelegate.swift; sourceTree = "<group>"; };
		D17858BD1F14A374007F2DA7 /* CarListVC.swift */ = {isa = PBXFileReference; fileEncoding = 4; lastKnownFileType = sourcecode.swift; path = CarListVC.swift; sourceTree = "<group>"; };
		D17858BF1F14A457007F2DA7 /* CarCell.swift */ = {isa = PBXFileReference; fileEncoding = 4; lastKnownFileType = sourcecode.swift; path = CarCell.swift; sourceTree = "<group>"; };
		D19D127E1F1B581200C05461 /* Car.swift */ = {isa = PBXFileReference; fileEncoding = 4; lastKnownFileType = sourcecode.swift; path = Car.swift; sourceTree = "<group>"; };
/* End PBXFileReference section */

/* Begin PBXFrameworksBuildPhase section */
		D178589F1F1495C8007F2DA7 /* Frameworks */ = {
			isa = PBXFrameworksBuildPhase;
			buildActionMask = 2147483647;
			files = (
			);
			runOnlyForDeploymentPostprocessing = 0;
		};
/* End PBXFrameworksBuildPhase section */

/* Begin PBXGroup section */
		D17858991F1495C8007F2DA7 = {
			isa = PBXGroup;
			children = (
				D17858A41F1495C8007F2DA7 /* CarСatalog */,
				D17858A31F1495C8007F2DA7 /* Products */,
			);
			sourceTree = "<group>";
		};
		D17858A31F1495C8007F2DA7 /* Products */ = {
			isa = PBXGroup;
			children = (
				D17858A21F1495C8007F2DA7 /* CarСatalog.app */,
			);
			name = Products;
			sourceTree = "<group>";
		};
		D17858A41F1495C8007F2DA7 /* CarСatalog */ = {
			isa = PBXGroup;
			children = (
				D19D12881F1B728C00C05461 /* Classes */,
				D19D12871F1B728200C05461 /* Views */,
				D19D12861F1B725700C05461 /* Protocols */,
				D19D12841F1B715300C05461 /* Storyboards */,
				D19D12831F1B711E00C05461 /* Resources */,
				D19D12821F1B70EE00C05461 /* Supporting Files */,
				D19D12811F1B70CD00C05461 /* Application Delegate */,
				D19D12801F1B6FA400C05461 /* View Controllers */,
			);
			path = "CarСatalog";
			sourceTree = "<group>";
		};
		D19D12801F1B6FA400C05461 /* View Controllers */ = {
			isa = PBXGroup;
			children = (
				D17858A71F1495C8007F2DA7 /* AddNewCarVC.swift */,
				D17858BD1F14A374007F2DA7 /* CarListVC.swift */,
			);
			path = "View Controllers";
			sourceTree = "<group>";
		};
		D19D12811F1B70CD00C05461 /* Application Delegate */ = {
			isa = PBXGroup;
			children = (
				D17858A51F1495C8007F2DA7 /* AppDelegate.swift */,
			);
			path = "Application Delegate";
			sourceTree = "<group>";
		};
		D19D12821F1B70EE00C05461 /* Supporting Files */ = {
			isa = PBXGroup;
			children = (
				D17858B11F1495C9007F2DA7 /* Info.plist */,
			);
			path = "Supporting Files";
			sourceTree = "<group>";
		};
		D19D12831F1B711E00C05461 /* Resources */ = {
			isa = PBXGroup;
			children = (
				D17858AC1F1495C8007F2DA7 /* Assets.xcassets */,
			);
			path = Resources;
			sourceTree = "<group>";
		};
		D19D12841F1B715300C05461 /* Storyboards */ = {
			isa = PBXGroup;
			children = (
				D17858A91F1495C8007F2DA7 /* Main.storyboard */,
				D17858AE1F1495C9007F2DA7 /* LaunchScreen.storyboard */,
			);
			path = Storyboards;
			sourceTree = "<group>";
		};
		D19D12861F1B725700C05461 /* Protocols */ = {
			isa = PBXGroup;
			children = (
				D17858BB1F14A19D007F2DA7 /* AddNewCarDelegate.swift */,
			);
			path = Protocols;
			sourceTree = "<group>";
		};
		D19D12871F1B728200C05461 /* Views */ = {
			isa = PBXGroup;
			children = (
				D17858BF1F14A457007F2DA7 /* CarCell.swift */,
			);
			path = Views;
			sourceTree = "<group>";
		};
		D19D12881F1B728C00C05461 /* Classes */ = {
			isa = PBXGroup;
			children = (
				D19D127E1F1B581200C05461 /* Car.swift */,
			);
			path = Classes;
			sourceTree = "<group>";
		};
/* End PBXGroup section */

/* Begin PBXNativeTarget section */
		D17858A11F1495C8007F2DA7 /* CarСatalog */ = {
			isa = PBXNativeTarget;
			buildConfigurationList = D17858B41F1495C9007F2DA7 /* Build configuration list for PBXNativeTarget "CarСatalog" */;
			buildPhases = (
				D178589E1F1495C8007F2DA7 /* Sources */,
				D178589F1F1495C8007F2DA7 /* Frameworks */,
				D17858A01F1495C8007F2DA7 /* Resources */,
			);
			buildRules = (
			);
			dependencies = (
			);
			name = "CarСatalog";
			productName = "CarСatalog";
			productReference = D17858A21F1495C8007F2DA7 /* CarСatalog.app */;
			productType = "com.apple.product-type.application";
		};
/* End PBXNativeTarget section */

/* Begin PBXProject section */
		D178589A1F1495C8007F2DA7 /* Project object */ = {
			isa = PBXProject;
			attributes = {
				LastSwiftUpdateCheck = 0830;
				LastUpgradeCheck = 0830;
				ORGANIZATIONNAME = "Yaroslav Surovtsev";
				TargetAttributes = {
					D17858A11F1495C8007F2DA7 = {
						CreatedOnToolsVersion = 8.3.1;
						DevelopmentTeam = 39Z4HLUZUT;
						ProvisioningStyle = Automatic;
					};
				};
			};
			buildConfigurationList = D178589D1F1495C8007F2DA7 /* Build configuration list for PBXProject "CarСatalog" */;
			compatibilityVersion = "Xcode 3.2";
			developmentRegion = English;
			hasScannedForEncodings = 0;
			knownRegions = (
				en,
				Base,
			);
			mainGroup = D17858991F1495C8007F2DA7;
			productRefGroup = D17858A31F1495C8007F2DA7 /* Products */;
			projectDirPath = "";
			projectRoot = "";
			targets = (
				D17858A11F1495C8007F2DA7 /* CarСatalog */,
			);
		};
/* End PBXProject section */

/* Begin PBXResourcesBuildPhase section */
		D17858A01F1495C8007F2DA7 /* Resources */ = {
			isa = PBXResourcesBuildPhase;
			buildActionMask = 2147483647;
			files = (
				D17858B01F1495C9007F2DA7 /* LaunchScreen.storyboard in Resources */,
				D17858AD1F1495C8007F2DA7 /* Assets.xcassets in Resources */,
				D17858AB1F1495C8007F2DA7 /* Main.storyboard in Resources */,
			);
			runOnlyForDeploymentPostprocessing = 0;
		};
/* End PBXResourcesBuildPhase section */

/* Begin PBXSourcesBuildPhase section */
		D178589E1F1495C8007F2DA7 /* Sources */ = {
			isa = PBXSourcesBuildPhase;
			buildActionMask = 2147483647;
			files = (
				D19D127C1F1B545700C05461 /* AddNewCarDelegate.swift in Sources */,
				D17858C01F14A457007F2DA7 /* CarCell.swift in Sources */,
				D19D127F1F1B581200C05461 /* Car.swift in Sources */,
				D17858A81F1495C8007F2DA7 /* AddNewCarVC.swift in Sources */,
				D17858BE1F14A374007F2DA7 /* CarListVC.swift in Sources */,
				D17858A61F1495C8007F2DA7 /* AppDelegate.swift in Sources */,
			);
			runOnlyForDeploymentPostprocessing = 0;
		};
/* End PBXSourcesBuildPhase section */

/* Begin PBXVariantGroup section */
		D17858A91F1495C8007F2DA7 /* Main.storyboard */ = {
			isa = PBXVariantGroup;
			children = (
				D17858AA1F1495C8007F2DA7 /* Base */,
			);
			name = Main.storyboard;
			sourceTree = "<group>";
		};
		D17858AE1F1495C9007F2DA7 /* LaunchScreen.storyboard */ = {
			isa = PBXVariantGroup;
			children = (
				D17858AF1F1495C9007F2DA7 /* Base */,
			);
			name = LaunchScreen.storyboard;
			sourceTree = "<group>";
		};
/* End PBXVariantGroup section */

/* Begin XCBuildConfiguration section */
		D17858B21F1495C9007F2DA7 /* Debug */ = {
			isa = XCBuildConfiguration;
			buildSettings = {
				ALWAYS_SEARCH_USER_PATHS = NO;
				CLANG_ANALYZER_NONNULL = YES;
				CLANG_ANALYZER_NUMBER_OBJECT_CONVERSION = YES_AGGRESSIVE;
				CLANG_CXX_LANGUAGE_STANDARD = "gnu++0x";
				CLANG_CXX_LIBRARY = "libc++";
				CLANG_ENABLE_MODULES = YES;
				CLANG_ENABLE_OBJC_ARC = YES;
				CLANG_WARN_BOOL_CONVERSION = YES;
				CLANG_WARN_CONSTANT_CONVERSION = YES;
				CLANG_WARN_DIRECT_OBJC_ISA_USAGE = YES_ERROR;
				CLANG_WARN_DOCUMENTATION_COMMENTS = YES;
				CLANG_WARN_EMPTY_BODY = YES;
				CLANG_WARN_ENUM_CONVERSION = YES;
				CLANG_WARN_INFINITE_RECURSION = YES;
				CLANG_WARN_INT_CONVERSION = YES;
				CLANG_WARN_OBJC_ROOT_CLASS = YES_ERROR;
				CLANG_WARN_SUSPICIOUS_MOVE = YES;
				CLANG_WARN_UNREACHABLE_CODE = YES;
				CLANG_WARN__DUPLICATE_METHOD_MATCH = YES;
				"CODE_SIGN_IDENTITY[sdk=iphoneos*]" = "iPhone Developer";
				COPY_PHASE_STRIP = NO;
				DEBUG_INFORMATION_FORMAT = dwarf;
				ENABLE_STRICT_OBJC_MSGSEND = YES;
				ENABLE_TESTABILITY = YES;
				GCC_C_LANGUAGE_STANDARD = gnu99;
				GCC_DYNAMIC_NO_PIC = NO;
				GCC_NO_COMMON_BLOCKS = YES;
				GCC_OPTIMIZATION_LEVEL = 0;
				GCC_PREPROCESSOR_DEFINITIONS = (
					"DEBUG=1",
					"$(inherited)",
				);
				GCC_WARN_64_TO_32_BIT_CONVERSION = YES;
				GCC_WARN_ABOUT_RETURN_TYPE = YES_ERROR;
				GCC_WARN_UNDECLARED_SELECTOR = YES;
				GCC_WARN_UNINITIALIZED_AUTOS = YES_AGGRESSIVE;
				GCC_WARN_UNUSED_FUNCTION = YES;
				GCC_WARN_UNUSED_VARIABLE = YES;
				IPHONEOS_DEPLOYMENT_TARGET = 10.3;
				MTL_ENABLE_DEBUG_INFO = YES;
				ONLY_ACTIVE_ARCH = YES;
				SDKROOT = iphoneos;
				SWIFT_ACTIVE_COMPILATION_CONDITIONS = DEBUG;
				SWIFT_OPTIMIZATION_LEVEL = "-Onone";
			};
			name = Debug;
		};
		D17858B31F1495C9007F2DA7 /* Release */ = {
			isa = XCBuildConfiguration;
			buildSettings = {
				ALWAYS_SEARCH_USER_PATHS = NO;
				CLANG_ANALYZER_NONNULL = YES;
				CLANG_ANALYZER_NUMBER_OBJECT_CONVERSION = YES_AGGRESSIVE;
				CLANG_CXX_LANGUAGE_STANDARD = "gnu++0x";
				CLANG_CXX_LIBRARY = "libc++";
				CLANG_ENABLE_MODULES = YES;
				CLANG_ENABLE_OBJC_ARC = YES;
				CLANG_WARN_BOOL_CONVERSION = YES;
				CLANG_WARN_CONSTANT_CONVERSION = YES;
				CLANG_WARN_DIRECT_OBJC_ISA_USAGE = YES_ERROR;
				CLANG_WARN_DOCUMENTATION_COMMENTS = YES;
				CLANG_WARN_EMPTY_BODY = YES;
				CLANG_WARN_ENUM_CONVERSION = YES;
				CLANG_WARN_INFINITE_RECURSION = YES;
				CLANG_WARN_INT_CONVERSION = YES;
				CLANG_WARN_OBJC_ROOT_CLASS = YES_ERROR;
				CLANG_WARN_SUSPICIOUS_MOVE = YES;
				CLANG_WARN_UNREACHABLE_CODE = YES;
				CLANG_WARN__DUPLICATE_METHOD_MATCH = YES;
				"CODE_SIGN_IDENTITY[sdk=iphoneos*]" = "iPhone Developer";
				COPY_PHASE_STRIP = NO;
				DEBUG_INFORMATION_FORMAT = "dwarf-with-dsym";
				ENABLE_NS_ASSERTIONS = NO;
				ENABLE_STRICT_OBJC_MSGSEND = YES;
				GCC_C_LANGUAGE_STANDARD = gnu99;
				GCC_NO_COMMON_BLOCKS = YES;
				GCC_WARN_64_TO_32_BIT_CONVERSION = YES;
				GCC_WARN_ABOUT_RETURN_TYPE = YES_ERROR;
				GCC_WARN_UNDECLARED_SELECTOR = YES;
				GCC_WARN_UNINITIALIZED_AUTOS = YES_AGGRESSIVE;
				GCC_WARN_UNUSED_FUNCTION = YES;
				GCC_WARN_UNUSED_VARIABLE = YES;
				IPHONEOS_DEPLOYMENT_TARGET = 10.3;
				MTL_ENABLE_DEBUG_INFO = NO;
				SDKROOT = iphoneos;
				SWIFT_OPTIMIZATION_LEVEL = "-Owholemodule";
				VALIDATE_PRODUCT = YES;
			};
			name = Release;
		};
		D17858B51F1495C9007F2DA7 /* Debug */ = {
			isa = XCBuildConfiguration;
			buildSettings = {
				ASSETCATALOG_COMPILER_APPICON_NAME = AppIcon;
				DEVELOPMENT_TEAM = 39Z4HLUZUT;
				INFOPLIST_FILE = "CarСatalog/Info.plist";
				LD_RUNPATH_SEARCH_PATHS = "$(inherited) @executable_path/Frameworks";
				PRODUCT_BUNDLE_IDENTIFIER = "Y.S.Car-atalog";
				PRODUCT_NAME = "$(TARGET_NAME)";
				SWIFT_VERSION = 3.0;
			};
			name = Debug;
		};
		D17858B61F1495C9007F2DA7 /* Release */ = {
			isa = XCBuildConfiguration;
			buildSettings = {
				ASSETCATALOG_COMPILER_APPICON_NAME = AppIcon;
				DEVELOPMENT_TEAM = 39Z4HLUZUT;
				INFOPLIST_FILE = "CarСatalog/Info.plist";
				LD_RUNPATH_SEARCH_PATHS = "$(inherited) @executable_path/Frameworks";
				PRODUCT_BUNDLE_IDENTIFIER = "Y.S.Car-atalog";
				PRODUCT_NAME = "$(TARGET_NAME)";
				SWIFT_VERSION = 3.0;
			};
			name = Release;
		};
/* End XCBuildConfiguration section */

/* Begin XCConfigurationList section */
		D178589D1F1495C8007F2DA7 /* Build configuration list for PBXProject "CarСatalog" */ = {
			isa = XCConfigurationList;
			buildConfigurations = (
				D17858B21F1495C9007F2DA7 /* Debug */,
				D17858B31F1495C9007F2DA7 /* Release */,
			);
			defaultConfigurationIsVisible = 0;
			defaultConfigurationName = Release;
		};
		D17858B41F1495C9007F2DA7 /* Build configuration list for PBXNativeTarget "CarСatalog" */ = {
			isa = XCConfigurationList;
			buildConfigurations = (
				D17858B51F1495C9007F2DA7 /* Debug */,
				D17858B61F1495C9007F2DA7 /* Release */,
			);
			defaultConfigurationIsVisible = 0;
			defaultConfigurationName = Release;
		};
/* End XCConfigurationList section */
	};
	rootObject = D178589A1F1495C8007F2DA7 /* Project object */;
}
